// !$*UTF8*$!
{
	archiveVersion = 1;
	classes = {
	};
	objectVersion = 77;
	objects = {

/* Begin PBXBuildFile section */
		178E91B92EDE267200407E45 /* Assets.xcassets in Resources */ = {isa = PBXBuildFile; fileRef = 178E91AD2EDE267200407E45 /* Assets.xcassets */; };
		178E91BA2EDE267200407E45 /* ContentView.swift in Sources */ = {isa = PBXBuildFile; fileRef = 178E91AE2EDE267200407E45 /* ContentView.swift */; };
		178E91BB2EDE267200407E45 /* MenuCommands.swift in Sources */ = {isa = PBXBuildFile; fileRef = 178E91AF2EDE267200407E45 /* MenuCommands.swift */; };
		178E91BC2EDE267200407E45 /* MovieModel.swift in Sources */ = {isa = PBXBuildFile; fileRef = 178E91B02EDE267200407E45 /* MovieModel.swift */; };
		178E91BD2EDE267200407E45 /* MoviePlayerControlsView.swift in Sources */ = {isa = PBXBuildFile; fileRef = 178E91B12EDE267200407E45 /* MoviePlayerControlsView.swift */; };
		178E91BE2EDE267200407E45 /* MoviePliersApp.swift in Sources */ = {isa = PBXBuildFile; fileRef = 178E91B22EDE267200407E45 /* MoviePliersApp.swift */; };
		178E91BF2EDE267200407E45 /* MovieStore.swift in Sources */ = {isa = PBXBuildFile; fileRef = 178E91B32EDE267200407E45 /* MovieStore.swift */; };
		178E91C02EDE267200407E45 /* MovieView.swift in Sources */ = {isa = PBXBuildFile; fileRef = 178E91B42EDE267200407E45 /* MovieView.swift */; };
		178E91C12EDE267200407E45 /* MovieViewModel.swift in Sources */ = {isa = PBXBuildFile; fileRef = 178E91B52EDE267200407E45 /* MovieViewModel.swift */; };
		178E91C22EDE267200407E45 /* AVExtensions.swift in Sources */ = {isa = PBXBuildFile; fileRef = 178E91B62EDE267200407E45 /* AVExtensions.swift */; };
		178E91C32EDE267200407E45 /* SelectableRangeSlider.swift in Sources */ = {isa = PBXBuildFile; fileRef = 178E91B72EDE267200407E45 /* SelectableRangeSlider.swift */; };
		178E91C52EDE740E00407E45 /* AtomParser.swift in Sources */ = {isa = PBXBuildFile; fileRef = 178E91C42EDE740E00407E45 /* AtomParser.swift */; };
/* End PBXBuildFile section */

/* Begin PBXFileReference section */
		178E91AD2EDE267200407E45 /* Assets.xcassets */ = {isa = PBXFileReference; lastKnownFileType = folder.assetcatalog; path = Assets.xcassets; sourceTree = "<group>"; };
		178E91AE2EDE267200407E45 /* ContentView.swift */ = {isa = PBXFileReference; lastKnownFileType = sourcecode.swift; path = ContentView.swift; sourceTree = "<group>"; };
		178E91AF2EDE267200407E45 /* MenuCommands.swift */ = {isa = PBXFileReference; lastKnownFileType = sourcecode.swift; path = MenuCommands.swift; sourceTree = "<group>"; };
		178E91B02EDE267200407E45 /* MovieModel.swift */ = {isa = PBXFileReference; lastKnownFileType = sourcecode.swift; path = MovieModel.swift; sourceTree = "<group>"; };
		178E91B12EDE267200407E45 /* MoviePlayerControlsView.swift */ = {isa = PBXFileReference; lastKnownFileType = sourcecode.swift; path = MoviePlayerControlsView.swift; sourceTree = "<group>"; };
		178E91B22EDE267200407E45 /* MoviePliersApp.swift */ = {isa = PBXFileReference; lastKnownFileType = sourcecode.swift; path = MoviePliersApp.swift; sourceTree = "<group>"; };
		178E91B32EDE267200407E45 /* MovieStore.swift */ = {isa = PBXFileReference; lastKnownFileType = sourcecode.swift; path = MovieStore.swift; sourceTree = "<group>"; };
		178E91B42EDE267200407E45 /* MovieView.swift */ = {isa = PBXFileReference; lastKnownFileType = sourcecode.swift; path = MovieView.swift; sourceTree = "<group>"; };
		178E91B52EDE267200407E45 /* MovieViewModel.swift */ = {isa = PBXFileReference; lastKnownFileType = sourcecode.swift; path = MovieViewModel.swift; sourceTree = "<group>"; };
		178E91B62EDE267200407E45 /* AVExtensions.swift */ = {isa = PBXFileReference; lastKnownFileType = sourcecode.swift; path = AVExtensions.swift; sourceTree = "<group>"; };
		178E91B72EDE267200407E45 /* SelectableRangeSlider.swift */ = {isa = PBXFileReference; lastKnownFileType = sourcecode.swift; path = SelectableRangeSlider.swift; sourceTree = "<group>"; };
		178E91C42EDE740E00407E45 /* AtomParser.swift */ = {isa = PBXFileReference; lastKnownFileType = sourcecode.swift; path = AtomParser.swift; sourceTree = "<group>"; };
		17D18D6F2EAED627008B239E /* MoviePliers.app */ = {isa = PBXFileReference; explicitFileType = wrapper.application; includeInIndex = 0; path = MoviePliers.app; sourceTree = BUILT_PRODUCTS_DIR; };
/* End PBXFileReference section */

/* Begin PBXFrameworksBuildPhase section */
		17D18D6C2EAED627008B239E /* Frameworks */ = {
			isa = PBXFrameworksBuildPhase;
			buildActionMask = 2147483647;
			files = (
			);
			runOnlyForDeploymentPostprocessing = 0;
		};
/* End PBXFrameworksBuildPhase section */

/* Begin PBXGroup section */
		178E91B82EDE267200407E45 /* MoviePliers */ = {
			isa = PBXGroup;
			children = (
				178E91AD2EDE267200407E45 /* Assets.xcassets */,
				178E91B22EDE267200407E45 /* MoviePliersApp.swift */,
				178E91AF2EDE267200407E45 /* MenuCommands.swift */,
				178E91AE2EDE267200407E45 /* ContentView.swift */,
				178E91B12EDE267200407E45 /* MoviePlayerControlsView.swift */,
				178E91B72EDE267200407E45 /* SelectableRangeSlider.swift */,
				178E91B52EDE267200407E45 /* MovieViewModel.swift */,
				178E91B02EDE267200407E45 /* MovieModel.swift */,
				178E91B32EDE267200407E45 /* MovieStore.swift */,
				178E91B42EDE267200407E45 /* MovieView.swift */,
				178E91B62EDE267200407E45 /* AVExtensions.swift */,
				178E91C42EDE740E00407E45 /* AtomParser.swift */,
			);
			path = MoviePliers;
			sourceTree = "<group>";
		};
		17D18D662EAED627008B239E = {
			isa = PBXGroup;
			children = (
				178E91B82EDE267200407E45 /* MoviePliers */,
				17D18D702EAED627008B239E /* Products */,
			);
			sourceTree = "<group>";
		};
		17D18D702EAED627008B239E /* Products */ = {
			isa = PBXGroup;
			children = (
				17D18D6F2EAED627008B239E /* MoviePliers.app */,
			);
			name = Products;
			sourceTree = "<group>";
		};
/* End PBXGroup section */

/* Begin PBXNativeTarget section */
		17D18D6E2EAED627008B239E /* MoviePliers */ = {
			isa = PBXNativeTarget;
			buildConfigurationList = 17D18D7A2EAED628008B239E /* Build configuration list for PBXNativeTarget "MoviePliers" */;
			buildPhases = (
				17D18D6B2EAED627008B239E /* Sources */,
				17D18D6C2EAED627008B239E /* Frameworks */,
				17D18D6D2EAED627008B239E /* Resources */,
			);
			buildRules = (
			);
			dependencies = (
			);
			name = MoviePliers;
			packageProductDependencies = (
			);
			productName = MoviePliers;
			productReference = 17D18D6F2EAED627008B239E /* MoviePliers.app */;
			productType = "com.apple.product-type.application";
		};
/* End PBXNativeTarget section */

/* Begin PBXProject section */
		17D18D672EAED627008B239E /* Project object */ = {
			isa = PBXProject;
			attributes = {
				BuildIndependentTargetsInParallel = 1;
				LastSwiftUpdateCheck = 2600;
				LastUpgradeCheck = 2610;
				TargetAttributes = {
					17D18D6E2EAED627008B239E = {
						CreatedOnToolsVersion = 26.0.1;
					};
				};
			};
			buildConfigurationList = 17D18D6A2EAED627008B239E /* Build configuration list for PBXProject "MoviePliers" */;
			developmentRegion = en;
			hasScannedForEncodings = 0;
			knownRegions = (
				en,
				Base,
			);
			mainGroup = 17D18D662EAED627008B239E;
			minimizedProjectReferenceProxies = 1;
			preferredProjectObjectVersion = 77;
			productRefGroup = 17D18D702EAED627008B239E /* Products */;
			projectDirPath = "";
			projectRoot = "";
			targets = (
				17D18D6E2EAED627008B239E /* MoviePliers */,
			);
		};
/* End PBXProject section */

/* Begin PBXResourcesBuildPhase section */
		17D18D6D2EAED627008B239E /* Resources */ = {
			isa = PBXResourcesBuildPhase;
			buildActionMask = 2147483647;
			files = (
				178E91B92EDE267200407E45 /* Assets.xcassets in Resources */,
			);
			runOnlyForDeploymentPostprocessing = 0;
		};
/* End PBXResourcesBuildPhase section */

/* Begin PBXSourcesBuildPhase section */
		17D18D6B2EAED627008B239E /* Sources */ = {
			isa = PBXSourcesBuildPhase;
			buildActionMask = 2147483647;
			files = (
				178E91BA2EDE267200407E45 /* ContentView.swift in Sources */,
				178E91BB2EDE267200407E45 /* MenuCommands.swift in Sources */,
				178E91BC2EDE267200407E45 /* MovieModel.swift in Sources */,
				178E91BD2EDE267200407E45 /* MoviePlayerControlsView.swift in Sources */,
				178E91BE2EDE267200407E45 /* MoviePliersApp.swift in Sources */,
				178E91BF2EDE267200407E45 /* MovieStore.swift in Sources */,
				178E91C02EDE267200407E45 /* MovieView.swift in Sources */,
				178E91C12EDE267200407E45 /* MovieViewModel.swift in Sources */,
				178E91C22EDE267200407E45 /* AVExtensions.swift in Sources */,
				178E91C32EDE267200407E45 /* SelectableRangeSlider.swift in Sources */,
				178E91C52EDE740E00407E45 /* AtomParser.swift in Sources */,
			);
			runOnlyForDeploymentPostprocessing = 0;
		};
/* End PBXSourcesBuildPhase section */

/* Begin XCBuildConfiguration section */
		17D18D782EAED628008B239E /* Debug */ = {
			isa = XCBuildConfiguration;
			buildSettings = {
				ALWAYS_SEARCH_USER_PATHS = NO;
				ASSETCATALOG_COMPILER_GENERATE_SWIFT_ASSET_SYMBOL_EXTENSIONS = YES;
				CLANG_ANALYZER_NONNULL = YES;
				CLANG_ANALYZER_NUMBER_OBJECT_CONVERSION = YES_AGGRESSIVE;
				CLANG_CXX_LANGUAGE_STANDARD = "gnu++20";
				CLANG_ENABLE_MODULES = YES;
				CLANG_ENABLE_OBJC_ARC = YES;
				CLANG_ENABLE_OBJC_WEAK = YES;
				CLANG_WARN_BLOCK_CAPTURE_AUTORELEASING = YES;
				CLANG_WARN_BOOL_CONVERSION = YES;
				CLANG_WARN_COMMA = YES;
				CLANG_WARN_CONSTANT_CONVERSION = YES;
				CLANG_WARN_DEPRECATED_OBJC_IMPLEMENTATIONS = YES;
				CLANG_WARN_DIRECT_OBJC_ISA_USAGE = YES_ERROR;
				CLANG_WARN_DOCUMENTATION_COMMENTS = YES;
				CLANG_WARN_EMPTY_BODY = YES;
				CLANG_WARN_ENUM_CONVERSION = YES;
				CLANG_WARN_INFINITE_RECURSION = YES;
				CLANG_WARN_INT_CONVERSION = YES;
				CLANG_WARN_NON_LITERAL_NULL_CONVERSION = YES;
				CLANG_WARN_OBJC_IMPLICIT_RETAIN_SELF = YES;
				CLANG_WARN_OBJC_LITERAL_CONVERSION = YES;
				CLANG_WARN_OBJC_ROOT_CLASS = YES_ERROR;
				CLANG_WARN_QUOTED_INCLUDE_IN_FRAMEWORK_HEADER = YES;
				CLANG_WARN_RANGE_LOOP_ANALYSIS = YES;
				CLANG_WARN_STRICT_PROTOTYPES = YES;
				CLANG_WARN_SUSPICIOUS_MOVE = YES;
				CLANG_WARN_UNGUARDED_AVAILABILITY = YES_AGGRESSIVE;
				CLANG_WARN_UNREACHABLE_CODE = YES;
				CLANG_WARN__DUPLICATE_METHOD_MATCH = YES;
				COPY_PHASE_STRIP = NO;
				DEAD_CODE_STRIPPING = YES;
				DEBUG_INFORMATION_FORMAT = dwarf;
				ENABLE_STRICT_OBJC_MSGSEND = YES;
				ENABLE_TESTABILITY = YES;
				ENABLE_USER_SCRIPT_SANDBOXING = YES;
				GCC_C_LANGUAGE_STANDARD = gnu17;
				GCC_DYNAMIC_NO_PIC = NO;
				GCC_NO_COMMON_BLOCKS = YES;
				GCC_OPTIMIZATION_LEVEL = 0;
				GCC_PREPROCESSOR_DEFINITIONS = (
					"DEBUG=1",
					"$(inherited)",
				);
				GCC_WARN_64_TO_32_BIT_CONVERSION = YES;
				GCC_WARN_ABOUT_RETURN_TYPE = YES_ERROR;
				GCC_WARN_UNDECLARED_SELECTOR = YES;
				GCC_WARN_UNINITIALIZED_AUTOS = YES_AGGRESSIVE;
				GCC_WARN_UNUSED_FUNCTION = YES;
				GCC_WARN_UNUSED_VARIABLE = YES;
				LOCALIZATION_PREFERS_STRING_CATALOGS = YES;
				MACOSX_DEPLOYMENT_TARGET = 15.6;
				MTL_ENABLE_DEBUG_INFO = INCLUDE_SOURCE;
				MTL_FAST_MATH = YES;
				ONLY_ACTIVE_ARCH = YES;
				SDKROOT = macosx;
				SWIFT_ACTIVE_COMPILATION_CONDITIONS = "DEBUG $(inherited)";
				SWIFT_OPTIMIZATION_LEVEL = "-Onone";
			};
			name = Debug;
		};
		17D18D792EAED628008B239E /* Release */ = {
			isa = XCBuildConfiguration;
			buildSettings = {
				ALWAYS_SEARCH_USER_PATHS = NO;
				ASSETCATALOG_COMPILER_GENERATE_SWIFT_ASSET_SYMBOL_EXTENSIONS = YES;
				CLANG_ANALYZER_NONNULL = YES;
				CLANG_ANALYZER_NUMBER_OBJECT_CONVERSION = YES_AGGRESSIVE;
				CLANG_CXX_LANGUAGE_STANDARD = "gnu++20";
				CLANG_ENABLE_MODULES = YES;
				CLANG_ENABLE_OBJC_ARC = YES;
				CLANG_ENABLE_OBJC_WEAK = YES;
				CLANG_WARN_BLOCK_CAPTURE_AUTORELEASING = YES;
				CLANG_WARN_BOOL_CONVERSION = YES;
				CLANG_WARN_COMMA = YES;
				CLANG_WARN_CONSTANT_CONVERSION = YES;
				CLANG_WARN_DEPRECATED_OBJC_IMPLEMENTATIONS = YES;
				CLANG_WARN_DIRECT_OBJC_ISA_USAGE = YES_ERROR;
				CLANG_WARN_DOCUMENTATION_COMMENTS = YES;
				CLANG_WARN_EMPTY_BODY = YES;
				CLANG_WARN_ENUM_CONVERSION = YES;
				CLANG_WARN_INFINITE_RECURSION = YES;
				CLANG_WARN_INT_CONVERSION = YES;
				CLANG_WARN_NON_LITERAL_NULL_CONVERSION = YES;
				CLANG_WARN_OBJC_IMPLICIT_RETAIN_SELF = YES;
				CLANG_WARN_OBJC_LITERAL_CONVERSION = YES;
				CLANG_WARN_OBJC_ROOT_CLASS = YES_ERROR;
				CLANG_WARN_QUOTED_INCLUDE_IN_FRAMEWORK_HEADER = YES;
				CLANG_WARN_RANGE_LOOP_ANALYSIS = YES;
				CLANG_WARN_STRICT_PROTOTYPES = YES;
				CLANG_WARN_SUSPICIOUS_MOVE = YES;
				CLANG_WARN_UNGUARDED_AVAILABILITY = YES_AGGRESSIVE;
				CLANG_WARN_UNREACHABLE_CODE = YES;
				CLANG_WARN__DUPLICATE_METHOD_MATCH = YES;
				COPY_PHASE_STRIP = NO;
				DEAD_CODE_STRIPPING = YES;
				DEBUG_INFORMATION_FORMAT = "dwarf-with-dsym";
				ENABLE_NS_ASSERTIONS = NO;
				ENABLE_STRICT_OBJC_MSGSEND = YES;
				ENABLE_USER_SCRIPT_SANDBOXING = YES;
				GCC_C_LANGUAGE_STANDARD = gnu17;
				GCC_NO_COMMON_BLOCKS = YES;
				GCC_WARN_64_TO_32_BIT_CONVERSION = YES;
				GCC_WARN_ABOUT_RETURN_TYPE = YES_ERROR;
				GCC_WARN_UNDECLARED_SELECTOR = YES;
				GCC_WARN_UNINITIALIZED_AUTOS = YES_AGGRESSIVE;
				GCC_WARN_UNUSED_FUNCTION = YES;
				GCC_WARN_UNUSED_VARIABLE = YES;
				LOCALIZATION_PREFERS_STRING_CATALOGS = YES;
				MACOSX_DEPLOYMENT_TARGET = 15.6;
				MTL_ENABLE_DEBUG_INFO = NO;
				MTL_FAST_MATH = YES;
				SDKROOT = macosx;
				SWIFT_COMPILATION_MODE = wholemodule;
			};
			name = Release;
		};
		17D18D7B2EAED628008B239E /* Debug */ = {
			isa = XCBuildConfiguration;
			buildSettings = {
				ASSETCATALOG_COMPILER_APPICON_NAME = AppIcon;
				ASSETCATALOG_COMPILER_GLOBAL_ACCENT_COLOR_NAME = AccentColor;
				CODE_SIGN_STYLE = Automatic;
				COMBINE_HIDPI_IMAGES = YES;
				CURRENT_PROJECT_VERSION = 1;
				DEAD_CODE_STRIPPING = YES;
				ENABLE_APP_SANDBOX = YES;
				ENABLE_INCOMING_NETWORK_CONNECTIONS = NO;
				ENABLE_OUTGOING_NETWORK_CONNECTIONS = NO;
				ENABLE_PREVIEWS = YES;
				ENABLE_RESOURCE_ACCESS_AUDIO_INPUT = NO;
				ENABLE_RESOURCE_ACCESS_BLUETOOTH = NO;
				ENABLE_RESOURCE_ACCESS_CALENDARS = NO;
				ENABLE_RESOURCE_ACCESS_CAMERA = NO;
				ENABLE_RESOURCE_ACCESS_CONTACTS = NO;
				ENABLE_RESOURCE_ACCESS_LOCATION = NO;
				ENABLE_RESOURCE_ACCESS_PRINTING = NO;
				ENABLE_RESOURCE_ACCESS_USB = NO;
				ENABLE_USER_SELECTED_FILES = readwrite;
				GENERATE_INFOPLIST_FILE = YES;
				INFOPLIST_KEY_NSHumanReadableCopyright = "";
				LD_RUNPATH_SEARCH_PATHS = (
					"$(inherited)",
					"@executable_path/../Frameworks",
				);
				MARKETING_VERSION = 1.0;
				PRODUCT_BUNDLE_IDENTIFIER = com.gregc.MoviePliers;
				PRODUCT_NAME = "$(TARGET_NAME)";
				REGISTER_APP_GROUPS = YES;
				STRING_CATALOG_GENERATE_SYMBOLS = YES;
				SWIFT_APPROACHABLE_CONCURRENCY = YES;
				SWIFT_DEFAULT_ACTOR_ISOLATION = MainActor;
				SWIFT_EMIT_LOC_STRINGS = YES;
				SWIFT_UPCOMING_FEATURE_MEMBER_IMPORT_VISIBILITY = YES;
				SWIFT_VERSION = 5.0;
			};
			name = Debug;
		};
		17D18D7C2EAED628008B239E /* Release */ = {
			isa = XCBuildConfiguration;
			buildSettings = {
				ASSETCATALOG_COMPILER_APPICON_NAME = AppIcon;
				ASSETCATALOG_COMPILER_GLOBAL_ACCENT_COLOR_NAME = AccentColor;
				CODE_SIGN_STYLE = Automatic;
				COMBINE_HIDPI_IMAGES = YES;
				CURRENT_PROJECT_VERSION = 1;
				DEAD_CODE_STRIPPING = YES;
				ENABLE_APP_SANDBOX = YES;
				ENABLE_INCOMING_NETWORK_CONNECTIONS = NO;
				ENABLE_OUTGOING_NETWORK_CONNECTIONS = NO;
				ENABLE_PREVIEWS = YES;
				ENABLE_RESOURCE_ACCESS_AUDIO_INPUT = NO;
				ENABLE_RESOURCE_ACCESS_BLUETOOTH = NO;
				ENABLE_RESOURCE_ACCESS_CALENDARS = NO;
				ENABLE_RESOURCE_ACCESS_CAMERA = NO;
				ENABLE_RESOURCE_ACCESS_CONTACTS = NO;
				ENABLE_RESOURCE_ACCESS_LOCATION = NO;
				ENABLE_RESOURCE_ACCESS_PRINTING = NO;
				ENABLE_RESOURCE_ACCESS_USB = NO;
				ENABLE_USER_SELECTED_FILES = readwrite;
				GENERATE_INFOPLIST_FILE = YES;
				INFOPLIST_KEY_NSHumanReadableCopyright = "";
				LD_RUNPATH_SEARCH_PATHS = (
					"$(inherited)",
					"@executable_path/../Frameworks",
				);
				MARKETING_VERSION = 1.0;
				PRODUCT_BUNDLE_IDENTIFIER = com.gregc.MoviePliers;
				PRODUCT_NAME = "$(TARGET_NAME)";
				REGISTER_APP_GROUPS = YES;
				STRING_CATALOG_GENERATE_SYMBOLS = YES;
				SWIFT_APPROACHABLE_CONCURRENCY = YES;
				SWIFT_DEFAULT_ACTOR_ISOLATION = MainActor;
				SWIFT_EMIT_LOC_STRINGS = YES;
				SWIFT_UPCOMING_FEATURE_MEMBER_IMPORT_VISIBILITY = YES;
				SWIFT_VERSION = 5.0;
			};
			name = Release;
		};
/* End XCBuildConfiguration section */

/* Begin XCConfigurationList section */
		17D18D6A2EAED627008B239E /* Build configuration list for PBXProject "MoviePliers" */ = {
			isa = XCConfigurationList;
			buildConfigurations = (
				17D18D782EAED628008B239E /* Debug */,
				17D18D792EAED628008B239E /* Release */,
			);
			defaultConfigurationIsVisible = 0;
			defaultConfigurationName = Release;
		};
		17D18D7A2EAED628008B239E /* Build configuration list for PBXNativeTarget "MoviePliers" */ = {
			isa = XCConfigurationList;
			buildConfigurations = (
				17D18D7B2EAED628008B239E /* Debug */,
				17D18D7C2EAED628008B239E /* Release */,
			);
			defaultConfigurationIsVisible = 0;
			defaultConfigurationName = Release;
		};
/* End XCConfigurationList section */
	};
	rootObject = 17D18D672EAED627008B239E /* Project object */;
}
